// !$*UTF8*$!
{
	archiveVersion = 1;
	classes = {
	};
	objectVersion = 46;
	objects = {

/* Begin PBXBuildFile section */
		8F542B2A1A7B67BB005CD0ED /* main.cpp in Sources */ = {isa = PBXBuildFile; fileRef = 8F542B291A7B67BB005CD0ED /* main.cpp */; };
		8F542B571A7B7124005CD0ED /* Classic.cpp in Sources */ = {isa = PBXBuildFile; fileRef = 8F542B541A7B7124005CD0ED /* Classic.cpp */; };
/* End PBXBuildFile section */

/* Begin PBXCopyFilesBuildPhase section */
		8F542B241A7B67BB005CD0ED /* CopyFiles */ = {
			isa = PBXCopyFilesBuildPhase;
			buildActionMask = 2147483647;
			dstPath = /usr/share/man/man1/;
			dstSubfolderSpec = 0;
			files = (
			);
			runOnlyForDeploymentPostprocessing = 1;
		};
/* End PBXCopyFilesBuildPhase section */

/* Begin PBXFileReference section */
		8F542B261A7B67BB005CD0ED /* example */ = {isa = PBXFileReference; explicitFileType = "compiled.mach-o.executable"; includeInIndex = 0; path = example; sourceTree = BUILT_PRODUCTS_DIR; };
		8F542B291A7B67BB005CD0ED /* main.cpp */ = {isa = PBXFileReference; lastKnownFileType = sourcecode.cpp.cpp; path = main.cpp; sourceTree = "<group>"; };
		8F542B3D1A7B67E3005CD0ED /* Gui.h */ = {isa = PBXFileReference; fileEncoding = 4; lastKnownFileType = sourcecode.c.h; name = Gui.h; path = ../../Gui.h; sourceTree = "<group>"; };
		8F542B541A7B7124005CD0ED /* Classic.cpp */ = {isa = PBXFileReference; fileEncoding = 4; lastKnownFileType = sourcecode.cpp.cpp; path = Classic.cpp; sourceTree = "<group>"; };
		8F542B551A7B7124005CD0ED /* Classic.h */ = {isa = PBXFileReference; fileEncoding = 4; lastKnownFileType = sourcecode.c.h; path = Classic.h; sourceTree = "<group>"; };
		8F542B561A7B7124005CD0ED /* Modules.h */ = {isa = PBXFileReference; fileEncoding = 4; lastKnownFileType = sourcecode.c.h; path = Modules.h; sourceTree = "<group>"; };
/* End PBXFileReference section */

/* Begin PBXFrameworksBuildPhase section */
		8F542B231A7B67BB005CD0ED /* Frameworks */ = {
			isa = PBXFrameworksBuildPhase;
			buildActionMask = 2147483647;
			files = (
			);
			runOnlyForDeploymentPostprocessing = 0;
		};
/* End PBXFrameworksBuildPhase section */

/* Begin PBXGroup section */
		8F542B1D1A7B67BB005CD0ED = {
			isa = PBXGroup;
			children = (
				8F542B281A7B67BB005CD0ED /* example */,
				8F542B271A7B67BB005CD0ED /* Products */,
			);
			sourceTree = "<group>";
		};
		8F542B271A7B67BB005CD0ED /* Products */ = {
			isa = PBXGroup;
			children = (
				8F542B261A7B67BB005CD0ED /* example */,
			);
			name = Products;
			sourceTree = "<group>";
		};
		8F542B281A7B67BB005CD0ED /* example */ = {
			isa = PBXGroup;
			children = (
				8F542B291A7B67BB005CD0ED /* main.cpp */,
				8F542B301A7B67CB005CD0ED /* Sources */,
			);
			path = example;
			sourceTree = "<group>";
		};
		8F542B301A7B67CB005CD0ED /* Sources */ = {
			isa = PBXGroup;
			children = (
				8F542B3D1A7B67E3005CD0ED /* Gui.h */,
				8F542B531A7B7124005CD0ED /* Modules */,
			);
			name = Sources;
			sourceTree = "<group>";
		};
		8F542B531A7B7124005CD0ED /* Modules */ = {
			isa = PBXGroup;
			children = (
				8F542B541A7B7124005CD0ED /* Classic.cpp */,
				8F542B551A7B7124005CD0ED /* Classic.h */,
				8F542B561A7B7124005CD0ED /* Modules.h */,
			);
			name = Modules;
			path = ../../Modules;
			sourceTree = "<group>";
		};
/* End PBXGroup section */

/* Begin PBXNativeTarget section */
		8F542B251A7B67BB005CD0ED /* example */ = {
			isa = PBXNativeTarget;
			buildConfigurationList = 8F542B2D1A7B67BB005CD0ED /* Build configuration list for PBXNativeTarget "example" */;
			buildPhases = (
				8F542B221A7B67BB005CD0ED /* Sources */,
				8F542B231A7B67BB005CD0ED /* Frameworks */,
				8F542B241A7B67BB005CD0ED /* CopyFiles */,
			);
			buildRules = (
			);
			dependencies = (
			);
			name = example;
			productName = example;
			productReference = 8F542B261A7B67BB005CD0ED /* example */;
			productType = "com.apple.product-type.tool";
		};
/* End PBXNativeTarget section */

/* Begin PBXProject section */
		8F542B1E1A7B67BB005CD0ED /* Project object */ = {
			isa = PBXProject;
			attributes = {
				LastUpgradeCheck = 0610;
				ORGANIZATIONNAME = Kiwi;
				TargetAttributes = {
					8F542B251A7B67BB005CD0ED = {
						CreatedOnToolsVersion = 6.1.1;
					};
				};
			};
			buildConfigurationList = 8F542B211A7B67BB005CD0ED /* Build configuration list for PBXProject "example" */;
			compatibilityVersion = "Xcode 3.2";
			developmentRegion = English;
			hasScannedForEncodings = 0;
			knownRegions = (
				en,
			);
			mainGroup = 8F542B1D1A7B67BB005CD0ED;
			productRefGroup = 8F542B271A7B67BB005CD0ED /* Products */;
			projectDirPath = "";
			projectRoot = "";
			targets = (
				8F542B251A7B67BB005CD0ED /* example */,
			);
		};
/* End PBXProject section */

/* Begin PBXSourcesBuildPhase section */
		8F542B221A7B67BB005CD0ED /* Sources */ = {
			isa = PBXSourcesBuildPhase;
			buildActionMask = 2147483647;
			files = (
				8F542B571A7B7124005CD0ED /* Classic.cpp in Sources */,
				8F542B2A1A7B67BB005CD0ED /* main.cpp in Sources */,
			);
			runOnlyForDeploymentPostprocessing = 0;
		};
/* End PBXSourcesBuildPhase section */

/* Begin XCBuildConfiguration section */
		8F542B2B1A7B67BB005CD0ED /* Debug */ = {
			isa = XCBuildConfiguration;
			buildSettings = {
				ALWAYS_SEARCH_USER_PATHS = NO;
				CLANG_CXX_LANGUAGE_STANDARD = "gnu++0x";
				CLANG_CXX_LIBRARY = "libc++";
				CLANG_ENABLE_MODULES = YES;
				CLANG_ENABLE_OBJC_ARC = YES;
				CLANG_WARN_BOOL_CONVERSION = YES;
				CLANG_WARN_CONSTANT_CONVERSION = YES;
				CLANG_WARN_DIRECT_OBJC_ISA_USAGE = YES_ERROR;
				CLANG_WARN_EMPTY_BODY = YES;
				CLANG_WARN_ENUM_CONVERSION = YES;
				CLANG_WARN_INT_CONVERSION = YES;
				CLANG_WARN_OBJC_ROOT_CLASS = YES_ERROR;
				CLANG_WARN_UNREACHABLE_CODE = YES;
				CLANG_WARN__DUPLICATE_METHOD_MATCH = YES;
				COPY_PHASE_STRIP = NO;
				ENABLE_STRICT_OBJC_MSGSEND = YES;
				GCC_C_LANGUAGE_STANDARD = gnu99;
				GCC_DYNAMIC_NO_PIC = NO;
				GCC_OPTIMIZATION_LEVEL = 0;
				GCC_PREPROCESSOR_DEFINITIONS = (
					"DEBUG=1",
					"$(inherited)",
				);
				GCC_SYMBOLS_PRIVATE_EXTERN = NO;
				GCC_WARN_64_TO_32_BIT_CONVERSION = YES;
				GCC_WARN_ABOUT_RETURN_TYPE = YES_ERROR;
				GCC_WARN_UNDECLARED_SELECTOR = YES;
				GCC_WARN_UNINITIALIZED_AUTOS = YES_AGGRESSIVE;
				GCC_WARN_UNUSED_FUNCTION = YES;
				GCC_WARN_UNUSED_VARIABLE = YES;
				MACOSX_DEPLOYMENT_TARGET = 10.10;
				MTL_ENABLE_DEBUG_INFO = YES;
				ONLY_ACTIVE_ARCH = YES;
				SDKROOT = macosx;
			};
			name = Debug;
		};
		8F542B2C1A7B67BB005CD0ED /* Release */ = {
			isa = XCBuildConfiguration;
			buildSettings = {
				ALWAYS_SEARCH_USER_PATHS = NO;
				CLANG_CXX_LANGUAGE_STANDARD = "gnu++0x";
				CLANG_CXX_LIBRARY = "libc++";
				CLANG_ENABLE_MODULES = YES;
				CLANG_ENABLE_OBJC_ARC = YES;
				CLANG_WARN_BOOL_CONVERSION = YES;
				CLANG_WARN_CONSTANT_CONVERSION = YES;
				CLANG_WARN_DIRECT_OBJC_ISA_USAGE = YES_ERROR;
				CLANG_WARN_EMPTY_BODY = YES;
				CLANG_WARN_ENUM_CONVERSION = YES;
				CLANG_WARN_INT_CONVERSION = YES;
				CLANG_WARN_OBJC_ROOT_CLASS = YES_ERROR;
				CLANG_WARN_UNREACHABLE_CODE = YES;
				CLANG_WARN__DUPLICATE_METHOD_MATCH = YES;
				COPY_PHASE_STRIP = YES;
				DEBUG_INFORMATION_FORMAT = "dwarf-with-dsym";
				ENABLE_NS_ASSERTIONS = NO;
				ENABLE_STRICT_OBJC_MSGSEND = YES;
				GCC_C_LANGUAGE_STANDARD = gnu99;
				GCC_WARN_64_TO_32_BIT_CONVERSION = YES;
				GCC_WARN_ABOUT_RETURN_TYPE = YES_ERROR;
				GCC_WARN_UNDECLARED_SELECTOR = YES;
				GCC_WARN_UNINITIALIZED_AUTOS = YES_AGGRESSIVE;
				GCC_WARN_UNUSED_FUNCTION = YES;
				GCC_WARN_UNUSED_VARIABLE = YES;
				MACOSX_DEPLOYMENT_TARGET = 10.10;
				MTL_ENABLE_DEBUG_INFO = NO;
				SDKROOT = macosx;
			};
			name = Release;
		};
		8F542B2E1A7B67BB005CD0ED /* Debug */ = {
			isa = XCBuildConfiguration;
			buildSettings = {
				PRODUCT_NAME = "$(TARGET_NAME)";
			};
			name = Debug;
		};
		8F542B2F1A7B67BB005CD0ED /* Release */ = {
			isa = XCBuildConfiguration;
			buildSettings = {
				PRODUCT_NAME = "$(TARGET_NAME)";
			};
			name = Release;
		};
/* End XCBuildConfiguration section */

/* Begin XCConfigurationList section */
		8F542B211A7B67BB005CD0ED /* Build configuration list for PBXProject "example" */ = {
			isa = XCConfigurationList;
			buildConfigurations = (
				8F542B2B1A7B67BB005CD0ED /* Debug */,
				8F542B2C1A7B67BB005CD0ED /* Release */,
			);
			defaultConfigurationIsVisible = 0;
			defaultConfigurationName = Release;
		};
		8F542B2D1A7B67BB005CD0ED /* Build configuration list for PBXNativeTarget "example" */ = {
			isa = XCConfigurationList;
			buildConfigurations = (
				8F542B2E1A7B67BB005CD0ED /* Debug */,
				8F542B2F1A7B67BB005CD0ED /* Release */,
			);
			defaultConfigurationIsVisible = 0;
			defaultConfigurationName = Release;
		};
/* End XCConfigurationList section */
	};
	rootObject = 8F542B1E1A7B67BB005CD0ED /* Project object */;
}
